
Microsoft Visual Studio Solution File, Format Version 11.00
# Visual Studio 2010
Project("{FAE04EC0-301F-11D3-BF4B-00C04F79EFBC}") = "Assembly-CSharp", "Assembly-CSharp.csproj", "{4567CB68-3D9A-AFD8-B085-0E7B16E1345E}"
EndProject
Project("{FAE04EC0-301F-11D3-BF4B-00C04F79EFBC}") = "Assembly-CSharp-Editor", "Assembly-CSharp-Editor.csproj", "{F8D691B5-546F-7391-5F62-B8F94BDCDC65}"
EndProject
Global
	GlobalSection(SolutionConfigurationPlatforms) = preSolution
		Debug|Any CPU = Debug|Any CPU
		Release|Any CPU = Release|Any CPU
	EndGlobalSection
	GlobalSection(ProjectConfigurationPlatforms) = postSolution
		{4567CB68-3D9A-AFD8-B085-0E7B16E1345E}.Debug|Any CPU.ActiveCfg = Debug|Any CPU
		{4567CB68-3D9A-AFD8-B085-0E7B16E1345E}.Debug|Any CPU.Build.0 = Debug|Any CPU
		{4567CB68-3D9A-AFD8-B085-0E7B16E1345E}.Release|Any CPU.ActiveCfg = Release|Any CPU
		{4567CB68-3D9A-AFD8-B085-0E7B16E1345E}.Release|Any CPU.Build.0 = Release|Any CPU
		{F8D691B5-546F-7391-5F62-B8F94BDCDC65}.Debug|Any CPU.ActiveCfg = Debug|Any CPU
		{F8D691B5-546F-7391-5F62-B8F94BDCDC65}.Debug|Any CPU.Build.0 = Debug|Any CPU
		{F8D691B5-546F-7391-5F62-B8F94BDCDC65}.Release|Any CPU.ActiveCfg = Release|Any CPU
		{F8D691B5-546F-7391-5F62-B8F94BDCDC65}.Release|Any CPU.Build.0 = Release|Any CPU
	EndGlobalSection
	GlobalSection(SolutionProperties) = preSolution
		HideSolutionNode = FALSE
	EndGlobalSection
	GlobalSection(MonoDevelopProperties) = preSolution
		StartupItem = Assembly-CSharp.csproj
	EndGlobalSection
EndGlobal
