
Microsoft Visual Studio Solution File, Format Version 11.00
# Visual Studio 2010
Project("{FAE04EC0-301F-11D3-BF4B-00C04F79EFBC}") = "Assembly-CSharp", "Assembly-CSharp.csproj", "{77468AF3-2E76-3C2E-BFEC-162C55B69B5B}"
EndProject
Project("{FAE04EC0-301F-11D3-BF4B-00C04F79EFBC}") = "Assembly-CSharp-Editor", "Assembly-CSharp-Editor.csproj", "{DFED4DEE-8232-FD13-7C3A-5C56F0CC379B}"
EndProject
Global
	GlobalSection(SolutionConfigurationPlatforms) = preSolution
		Debug|Any CPU = Debug|Any CPU
		Release|Any CPU = Release|Any CPU
	EndGlobalSection
	GlobalSection(ProjectConfigurationPlatforms) = postSolution
		{77468AF3-2E76-3C2E-BFEC-162C55B69B5B}.Debug|Any CPU.ActiveCfg = Debug|Any CPU
		{77468AF3-2E76-3C2E-BFEC-162C55B69B5B}.Debug|Any CPU.Build.0 = Debug|Any CPU
		{77468AF3-2E76-3C2E-BFEC-162C55B69B5B}.Release|Any CPU.ActiveCfg = Release|Any CPU
		{77468AF3-2E76-3C2E-BFEC-162C55B69B5B}.Release|Any CPU.Build.0 = Release|Any CPU
		{DFED4DEE-8232-FD13-7C3A-5C56F0CC379B}.Debug|Any CPU.ActiveCfg = Debug|Any CPU
		{DFED4DEE-8232-FD13-7C3A-5C56F0CC379B}.Debug|Any CPU.Build.0 = Debug|Any CPU
		{DFED4DEE-8232-FD13-7C3A-5C56F0CC379B}.Release|Any CPU.ActiveCfg = Release|Any CPU
		{DFED4DEE-8232-FD13-7C3A-5C56F0CC379B}.Release|Any CPU.Build.0 = Release|Any CPU
	EndGlobalSection
	GlobalSection(SolutionProperties) = preSolution
		HideSolutionNode = FALSE
	EndGlobalSection
	GlobalSection(MonoDevelopProperties) = preSolution
		StartupItem = Assembly-CSharp.csproj
	EndGlobalSection
EndGlobal
